{
  "version": 4,
  "terraform_version": "1.10.5",
  "serial": 1,
  "lineage": "265dbdd7-2074-5af3-5b57-3524f72d9082",
  "outputs": {},
  "resources": [
    {
      "mode": "managed",
      "type": "argocd_application",
      "name": "application",
      "provider": "provider[\"registry.terraform.io/argoproj-labs/argocd\"]",
      "instances": [
        {
          "schema_version": 4,
          "attributes": {
            "cascade": true,
            "id": "sync-policy-options-using-terraform:argocd",
            "metadata": [
              {
                "annotations": null,
                "generation": 1,
                "labels": {
                  "using_sync_policy_options": "true"
                },
                "name": "sync-policy-options-using-terraform",
                "namespace": "argocd",
                "resource_version": "26564",
                "uid": "08b3f38e-2879-49d9-a3a9-ef34c6871b8e"
              }
            ],
            "spec": [
              {
                "destination": [
                  {
                    "name": "",
                    "namespace": "terraform",
                    "server": "https://kubernetes.default.svc"
                  }
                ],
                "ignore_difference": [],
                "info": [],
                "project": "default",
                "revision_history_limit": 10,
                "source": [
                  {
                    "chart": "",
                    "directory": [],
                    "helm": [
                      {
                        "file_parameter": [],
                        "ignore_missing_value_files": false,
                        "parameter": [],
                        "pass_credentials": false,
                        "release_name": "",
                        "skip_crds": false,
                        "value_files": [
                          "../../app/dev/service/demo/custom-values.yaml"
                        ],
                        "values": ""
                      }
                    ],
                    "kustomize": [],
                    "path": "argocd-application/helm/nginx",
                    "plugin": [],
                    "ref": "",
                    "repo_url": "https://github.com/naavveenn/argocd.git",
                    "target_revision": "main"
                  }
                ],
                "sync_policy": [
                  {
                    "automated": [
                      {
                        "allow_empty": null,
                        "prune": true,
                        "self_heal": true
                      }
                    ],
                    "managed_namespace_metadata": [
                      {
                        "annotations": null,
                        "labels": {
                          "created_by": "Terraform"
                        }
                      }
                    ],
                    "retry": [],
                    "sync_options": [
                      "CreateNamespace=true",
                      "FailOnSharedResource=true"
                    ]
                  }
                ]
              }
            ],
            "status": [
              {
                "conditions": [],
                "health": [
                  {
                    "message": "",
                    "status": ""
                  }
                ],
                "operation_state": [],
                "reconciled_at": "",
                "resources": [],
                "summary": [
                  {
                    "external_urls": [],
                    "images": []
                  }
                ],
                "sync": [
                  {
                    "revision": "",
                    "revisions": [],
                    "status": ""
                  }
                ]
              }
            ],
            "timeouts": null,
            "wait": false
          },
          "sensitive_attributes": [],
          "private": "eyJlMmJmYjczMC1lY2FhLTExZTYtOGY4OC0zNDM2M2JjN2M0YzAiOnsiY3JlYXRlIjozMDAwMDAwMDAwMDAsImRlbGV0ZSI6MzAwMDAwMDAwMDAwLCJ1cGRhdGUiOjMwMDAwMDAwMDAwMH0sInNjaGVtYV92ZXJzaW9uIjoiNCJ9"
        }
      ]
    }
  ],
  "check_results": null
}
